
Microsoft Visual Studio Solution File, Format Version 12.00
# Visual Studio Version 16
VisualStudioVersion = 16.0.29411.108
MinimumVisualStudioVersion = 10.0.40219.1
Project("{9A19103F-16F7-4668-BE54-9A1E7A4F7556}") = "Encapsulation", "Ovning3\Encapsulation.csproj", "{CC409BF0-048D-4915-8B81-C5B2354669D4}"
EndProject
Project("{FAE04EC0-301F-11D3-BF4B-00C04F79EFBC}") = "Ovning3Tests", "Ovning3Tests\Ovning3Tests.csproj", "{A469EB86-E346-4013-9220-A7642E5ED6F7}"
EndProject
Project("{FAE04EC0-301F-11D3-BF4B-00C04F79EFBC}") = "InheritanceAndPolymorphism", "InheritanceAndPolymorphism\InheritanceAndPolymorphism.csproj", "{3B0B896C-D960-4A9E-9F0F-1BAA216012AA}"
EndProject
Global
	GlobalSection(SolutionConfigurationPlatforms) = preSolution
		Debug|Any CPU = Debug|Any CPU
		Release|Any CPU = Release|Any CPU
	EndGlobalSection
	GlobalSection(ProjectConfigurationPlatforms) = postSolution
		{CC409BF0-048D-4915-8B81-C5B2354669D4}.Debug|Any CPU.ActiveCfg = Debug|Any CPU
		{CC409BF0-048D-4915-8B81-C5B2354669D4}.Debug|Any CPU.Build.0 = Debug|Any CPU
		{CC409BF0-048D-4915-8B81-C5B2354669D4}.Release|Any CPU.ActiveCfg = Release|Any CPU
		{CC409BF0-048D-4915-8B81-C5B2354669D4}.Release|Any CPU.Build.0 = Release|Any CPU
		{A469EB86-E346-4013-9220-A7642E5ED6F7}.Debug|Any CPU.ActiveCfg = Debug|Any CPU
		{A469EB86-E346-4013-9220-A7642E5ED6F7}.Debug|Any CPU.Build.0 = Debug|Any CPU
		{A469EB86-E346-4013-9220-A7642E5ED6F7}.Release|Any CPU.ActiveCfg = Release|Any CPU
		{A469EB86-E346-4013-9220-A7642E5ED6F7}.Release|Any CPU.Build.0 = Release|Any CPU
		{3B0B896C-D960-4A9E-9F0F-1BAA216012AA}.Debug|Any CPU.ActiveCfg = Debug|Any CPU
		{3B0B896C-D960-4A9E-9F0F-1BAA216012AA}.Debug|Any CPU.Build.0 = Debug|Any CPU
		{3B0B896C-D960-4A9E-9F0F-1BAA216012AA}.Release|Any CPU.ActiveCfg = Release|Any CPU
		{3B0B896C-D960-4A9E-9F0F-1BAA216012AA}.Release|Any CPU.Build.0 = Release|Any CPU
	EndGlobalSection
	GlobalSection(SolutionProperties) = preSolution
		HideSolutionNode = FALSE
	EndGlobalSection
	GlobalSection(ExtensibilityGlobals) = postSolution
		SolutionGuid = {00B1EB52-0529-4C07-8492-2AB6E63D36A1}
	EndGlobalSection
EndGlobal
